
Microsoft Visual Studio Solution File, Format Version 12.00
Project("{FAE04EC0-301F-11D3-BF4B-00C04F79EFBC}") = "App01.VLC", "App01.VLC\App01.VLC.csproj", "{CCBD3A77-3898-45B0-A716-15EF26D565C1}"
EndProject
Project("{FAE04EC0-301F-11D3-BF4B-00C04F79EFBC}") = "App05.TaskAndCancel", "App05.TaskAndCancel\App05.TaskAndCancel.csproj", "{B453A021-D955-4AD7-A2AB-F62FB2B27F37}"
EndProject
Project("{FAE04EC0-301F-11D3-BF4B-00C04F79EFBC}") = "App06.Dll", "App06.Dll\App06.Dll.csproj", "{F0D76667-D9C9-4D9E-B44E-12FD3384E607}"
EndProject
Project("{FAE04EC0-301F-11D3-BF4B-00C04F79EFBC}") = "App03.Network", "App03.Network\App03.Network.csproj", "{69C4089C-6EC3-406F-A5B9-F706F87308B2}"
EndProject
Project("{FAE04EC0-301F-11D3-BF4B-00C04F79EFBC}") = "App02.TTS", "App02.TTS\App02.TTS.csproj", "{80C21360-AEB0-4F3A-8424-45176E8B98F6}"
EndProject
Project("{FAE04EC0-301F-11D3-BF4B-00C04F79EFBC}") = "App04.MultiLang", "App04.MultiLang\App04.MultiLang.csproj", "{1FB9B72A-8FC8-4331-810D-799A72771A61}"
EndProject
Project("{FAE04EC0-301F-11D3-BF4B-00C04F79EFBC}") = "App07.Print", "App07.Print\App07.Print.csproj", "{ABF71E33-010B-4EEF-BFE0-5B9A7A48C833}"
EndProject
Project("{FAE04EC0-301F-11D3-BF4B-00C04F79EFBC}") = "App08.Metro", "App08.Metro\App08.Metro.csproj", "{F0FD200B-97C7-4F43-B9E8-BFECB6964A1E}"
EndProject
Project("{FAE04EC0-301F-11D3-BF4B-00C04F79EFBC}") = "App09.Map", "App09.Map\App09.Map.csproj", "{3BCBE14E-0D94-4EA8-9B12-324B8E8743B9}"
EndProject
Project("{FAE04EC0-301F-11D3-BF4B-00C04F79EFBC}") = "App10.Weather", "App10.Weather\App10.Weather.csproj", "{39553363-B0A8-4529-9934-CA2CC3E64156}"
EndProject
Project("{FAE04EC0-301F-11D3-BF4B-00C04F79EFBC}") = "App12.SQLite", "App12.SQLite\App12.SQLite.csproj", "{5FBF96CB-457C-4E7C-9889-67F18FFA627F}"
EndProject
Project("{FAE04EC0-301F-11D3-BF4B-00C04F79EFBC}") = "App11.HIK", "App11.HIK\App11.HIK.csproj", "{5B82B0F5-6435-4CF6-BB83-51FC6CACA1AC}"
EndProject
Project("{FAE04EC0-301F-11D3-BF4B-00C04F79EFBC}") = "App13.Worker", "App13.Worker\App13.Worker.csproj", "{E2BB5063-C7C0-4BEC-A34D-0F0959F02578}"
EndProject
Project("{FAE04EC0-301F-11D3-BF4B-00C04F79EFBC}") = "App15.Animated", "App15.Animated\App15.Animated.csproj", "{228396A9-3C3A-4817-BE28-4FB8B6177397}"
EndProject
Project("{FAE04EC0-301F-11D3-BF4B-00C04F79EFBC}") = "App14.IASystem", "App14.IASystem\App14.IASystem.csproj", "{FCDF7DD1-3FE3-4A64-A7B2-57901B10A412}"
EndProject
Project("{FAE04EC0-301F-11D3-BF4B-00C04F79EFBC}") = "App16.Python", "App16.Python\App16.Python.csproj", "{9B870D8E-FF69-4100-B2C4-AF183DDB216B}"
EndProject
Project("{FAE04EC0-301F-11D3-BF4B-00C04F79EFBC}") = "App17.Login", "App17.Login\App17.Login.csproj", "{9F00008F-F188-4C64-B89B-3105A44DD465}"
EndProject
Project("{FAE04EC0-301F-11D3-BF4B-00C04F79EFBC}") = "App18.Material", "App18.Material\App18.Material.csproj", "{C17F14FA-C2B5-49C9-8968-B9741D4E03B4}"
EndProject
Global
	GlobalSection(SolutionConfigurationPlatforms) = preSolution
		Debug|Any CPU = Debug|Any CPU
		Release|Any CPU = Release|Any CPU
	EndGlobalSection
	GlobalSection(ProjectConfigurationPlatforms) = postSolution
		{CCBD3A77-3898-45B0-A716-15EF26D565C1}.Debug|Any CPU.ActiveCfg = Debug|Any CPU
		{CCBD3A77-3898-45B0-A716-15EF26D565C1}.Debug|Any CPU.Build.0 = Debug|Any CPU
		{CCBD3A77-3898-45B0-A716-15EF26D565C1}.Release|Any CPU.ActiveCfg = Release|Any CPU
		{CCBD3A77-3898-45B0-A716-15EF26D565C1}.Release|Any CPU.Build.0 = Release|Any CPU
		{B453A021-D955-4AD7-A2AB-F62FB2B27F37}.Debug|Any CPU.ActiveCfg = Debug|Any CPU
		{B453A021-D955-4AD7-A2AB-F62FB2B27F37}.Debug|Any CPU.Build.0 = Debug|Any CPU
		{B453A021-D955-4AD7-A2AB-F62FB2B27F37}.Release|Any CPU.ActiveCfg = Release|Any CPU
		{B453A021-D955-4AD7-A2AB-F62FB2B27F37}.Release|Any CPU.Build.0 = Release|Any CPU
		{F0D76667-D9C9-4D9E-B44E-12FD3384E607}.Debug|Any CPU.ActiveCfg = Debug|Any CPU
		{F0D76667-D9C9-4D9E-B44E-12FD3384E607}.Debug|Any CPU.Build.0 = Debug|Any CPU
		{F0D76667-D9C9-4D9E-B44E-12FD3384E607}.Release|Any CPU.ActiveCfg = Release|Any CPU
		{F0D76667-D9C9-4D9E-B44E-12FD3384E607}.Release|Any CPU.Build.0 = Release|Any CPU
		{69C4089C-6EC3-406F-A5B9-F706F87308B2}.Debug|Any CPU.ActiveCfg = Debug|Any CPU
		{69C4089C-6EC3-406F-A5B9-F706F87308B2}.Debug|Any CPU.Build.0 = Debug|Any CPU
		{69C4089C-6EC3-406F-A5B9-F706F87308B2}.Release|Any CPU.ActiveCfg = Release|Any CPU
		{69C4089C-6EC3-406F-A5B9-F706F87308B2}.Release|Any CPU.Build.0 = Release|Any CPU
		{80C21360-AEB0-4F3A-8424-45176E8B98F6}.Debug|Any CPU.ActiveCfg = Debug|Any CPU
		{80C21360-AEB0-4F3A-8424-45176E8B98F6}.Debug|Any CPU.Build.0 = Debug|Any CPU
		{80C21360-AEB0-4F3A-8424-45176E8B98F6}.Release|Any CPU.ActiveCfg = Release|Any CPU
		{80C21360-AEB0-4F3A-8424-45176E8B98F6}.Release|Any CPU.Build.0 = Release|Any CPU
		{1FB9B72A-8FC8-4331-810D-799A72771A61}.Debug|Any CPU.ActiveCfg = Debug|Any CPU
		{1FB9B72A-8FC8-4331-810D-799A72771A61}.Debug|Any CPU.Build.0 = Debug|Any CPU
		{1FB9B72A-8FC8-4331-810D-799A72771A61}.Release|Any CPU.ActiveCfg = Release|Any CPU
		{1FB9B72A-8FC8-4331-810D-799A72771A61}.Release|Any CPU.Build.0 = Release|Any CPU
		{ABF71E33-010B-4EEF-BFE0-5B9A7A48C833}.Debug|Any CPU.ActiveCfg = Debug|Any CPU
		{ABF71E33-010B-4EEF-BFE0-5B9A7A48C833}.Debug|Any CPU.Build.0 = Debug|Any CPU
		{ABF71E33-010B-4EEF-BFE0-5B9A7A48C833}.Release|Any CPU.ActiveCfg = Release|Any CPU
		{ABF71E33-010B-4EEF-BFE0-5B9A7A48C833}.Release|Any CPU.Build.0 = Release|Any CPU
		{F0FD200B-97C7-4F43-B9E8-BFECB6964A1E}.Debug|Any CPU.ActiveCfg = Debug|Any CPU
		{F0FD200B-97C7-4F43-B9E8-BFECB6964A1E}.Debug|Any CPU.Build.0 = Debug|Any CPU
		{F0FD200B-97C7-4F43-B9E8-BFECB6964A1E}.Release|Any CPU.ActiveCfg = Release|Any CPU
		{F0FD200B-97C7-4F43-B9E8-BFECB6964A1E}.Release|Any CPU.Build.0 = Release|Any CPU
		{3BCBE14E-0D94-4EA8-9B12-324B8E8743B9}.Debug|Any CPU.ActiveCfg = Debug|Any CPU
		{3BCBE14E-0D94-4EA8-9B12-324B8E8743B9}.Debug|Any CPU.Build.0 = Debug|Any CPU
		{3BCBE14E-0D94-4EA8-9B12-324B8E8743B9}.Release|Any CPU.ActiveCfg = Release|Any CPU
		{3BCBE14E-0D94-4EA8-9B12-324B8E8743B9}.Release|Any CPU.Build.0 = Release|Any CPU
		{39553363-B0A8-4529-9934-CA2CC3E64156}.Debug|Any CPU.ActiveCfg = Debug|Any CPU
		{39553363-B0A8-4529-9934-CA2CC3E64156}.Debug|Any CPU.Build.0 = Debug|Any CPU
		{39553363-B0A8-4529-9934-CA2CC3E64156}.Release|Any CPU.ActiveCfg = Release|Any CPU
		{39553363-B0A8-4529-9934-CA2CC3E64156}.Release|Any CPU.Build.0 = Release|Any CPU
		{5FBF96CB-457C-4E7C-9889-67F18FFA627F}.Debug|Any CPU.ActiveCfg = Debug|Any CPU
		{5FBF96CB-457C-4E7C-9889-67F18FFA627F}.Debug|Any CPU.Build.0 = Debug|Any CPU
		{5FBF96CB-457C-4E7C-9889-67F18FFA627F}.Release|Any CPU.ActiveCfg = Release|Any CPU
		{5FBF96CB-457C-4E7C-9889-67F18FFA627F}.Release|Any CPU.Build.0 = Release|Any CPU
		{5B82B0F5-6435-4CF6-BB83-51FC6CACA1AC}.Debug|Any CPU.ActiveCfg = Debug|Any CPU
		{5B82B0F5-6435-4CF6-BB83-51FC6CACA1AC}.Debug|Any CPU.Build.0 = Debug|Any CPU
		{5B82B0F5-6435-4CF6-BB83-51FC6CACA1AC}.Release|Any CPU.ActiveCfg = Release|Any CPU
		{5B82B0F5-6435-4CF6-BB83-51FC6CACA1AC}.Release|Any CPU.Build.0 = Release|Any CPU
		{E2BB5063-C7C0-4BEC-A34D-0F0959F02578}.Debug|Any CPU.ActiveCfg = Debug|Any CPU
		{E2BB5063-C7C0-4BEC-A34D-0F0959F02578}.Debug|Any CPU.Build.0 = Debug|Any CPU
		{E2BB5063-C7C0-4BEC-A34D-0F0959F02578}.Release|Any CPU.ActiveCfg = Release|Any CPU
		{E2BB5063-C7C0-4BEC-A34D-0F0959F02578}.Release|Any CPU.Build.0 = Release|Any CPU
		{228396A9-3C3A-4817-BE28-4FB8B6177397}.Debug|Any CPU.ActiveCfg = Debug|Any CPU
		{228396A9-3C3A-4817-BE28-4FB8B6177397}.Debug|Any CPU.Build.0 = Debug|Any CPU
		{228396A9-3C3A-4817-BE28-4FB8B6177397}.Release|Any CPU.ActiveCfg = Release|Any CPU
		{228396A9-3C3A-4817-BE28-4FB8B6177397}.Release|Any CPU.Build.0 = Release|Any CPU
		{FCDF7DD1-3FE3-4A64-A7B2-57901B10A412}.Debug|Any CPU.ActiveCfg = Debug|Any CPU
		{FCDF7DD1-3FE3-4A64-A7B2-57901B10A412}.Debug|Any CPU.Build.0 = Debug|Any CPU
		{FCDF7DD1-3FE3-4A64-A7B2-57901B10A412}.Release|Any CPU.ActiveCfg = Release|Any CPU
		{FCDF7DD1-3FE3-4A64-A7B2-57901B10A412}.Release|Any CPU.Build.0 = Release|Any CPU
		{9B870D8E-FF69-4100-B2C4-AF183DDB216B}.Debug|Any CPU.ActiveCfg = Debug|Any CPU
		{9B870D8E-FF69-4100-B2C4-AF183DDB216B}.Debug|Any CPU.Build.0 = Debug|Any CPU
		{9B870D8E-FF69-4100-B2C4-AF183DDB216B}.Release|Any CPU.ActiveCfg = Release|Any CPU
		{9B870D8E-FF69-4100-B2C4-AF183DDB216B}.Release|Any CPU.Build.0 = Release|Any CPU
		{9F00008F-F188-4C64-B89B-3105A44DD465}.Debug|Any CPU.ActiveCfg = Debug|Any CPU
		{9F00008F-F188-4C64-B89B-3105A44DD465}.Debug|Any CPU.Build.0 = Debug|Any CPU
		{9F00008F-F188-4C64-B89B-3105A44DD465}.Release|Any CPU.ActiveCfg = Release|Any CPU
		{9F00008F-F188-4C64-B89B-3105A44DD465}.Release|Any CPU.Build.0 = Release|Any CPU
		{C17F14FA-C2B5-49C9-8968-B9741D4E03B4}.Debug|Any CPU.ActiveCfg = Debug|Any CPU
		{C17F14FA-C2B5-49C9-8968-B9741D4E03B4}.Debug|Any CPU.Build.0 = Debug|Any CPU
		{C17F14FA-C2B5-49C9-8968-B9741D4E03B4}.Release|Any CPU.ActiveCfg = Release|Any CPU
		{C17F14FA-C2B5-49C9-8968-B9741D4E03B4}.Release|Any CPU.Build.0 = Release|Any CPU
	EndGlobalSection
EndGlobal
